{
    "_readme": [
        "This file locks the dependencies of your project to a known state",
        "Read more about it at https://getcomposer.org/doc/01-basic-usage.md#installing-dependencies",
        "This file is @generated automatically"
    ],
    "content-hash": "8c53d5e33002bb05e4c72599ac28db45",
    "packages": [
        {
            "name": "xuanzhu/swo",
            "version": "dev-master",
            "dist": {
                "type": "path",
                "url": "../swo",
                "reference": "73ed186f7db411609768ee475d964e6da270b994"
            },
            "type": "library",
            "autoload": {
                "psr-4": {
                    "Swo\\": "./src/"
                },
                "files": [
                    "src/Supper/Helper.php"
                ]
            },
            "authors": [
                {
                    "name": "echo",
                    "email": "598642153@qq.com"
                }
            ]
        }
    ],
    "packages-dev": [],
    "aliases": [],
    "minimum-stability": "stable",
    "stability-flags": {
        "xuanzhu/swo": 20
    },
    "prefer-stable": false,
    "prefer-lowest": false,
    "platform": [],
    "platform-dev": []
}
